
Microsoft Visual Studio Solution File, Format Version 12.00
# Visual Studio Version 17
VisualStudioVersion = 17.4.33110.190
MinimumVisualStudioVersion = 10.0.40219.1
Project("{FAE04EC0-301F-11D3-BF4B-00C04F79EFBC}") = "CommentApp", "CommentApp\CommentApp.csproj", "{8FB4E5C8-FD4B-4248-986E-E8F619418897}"
EndProject
Global
	GlobalSection(SolutionConfigurationPlatforms) = preSolution
		Debug|Any CPU = Debug|Any CPU
		Release|Any CPU = Release|Any CPU
	EndGlobalSection
	GlobalSection(ProjectConfigurationPlatforms) = postSolution
		{8FB4E5C8-FD4B-4248-986E-E8F619418897}.Debug|Any CPU.ActiveCfg = Debug|Any CPU
		{8FB4E5C8-FD4B-4248-986E-E8F619418897}.Debug|Any CPU.Build.0 = Debug|Any CPU
		{8FB4E5C8-FD4B-4248-986E-E8F619418897}.Release|Any CPU.ActiveCfg = Release|Any CPU
		{8FB4E5C8-FD4B-4248-986E-E8F619418897}.Release|Any CPU.Build.0 = Release|Any CPU
	EndGlobalSection
	GlobalSection(SolutionProperties) = preSolution
		HideSolutionNode = FALSE
	EndGlobalSection
	GlobalSection(ExtensibilityGlobals) = postSolution
		SolutionGuid = {47C8C89B-39AB-43DD-9CE4-B2FA634E2E66}
	EndGlobalSection
EndGlobal
